{
	"name": "qa-i18n-async",
	"version": "0.1.0",
	"lockfileVersion": 1,
	"requires": true,
	"dependencies": {
		"@enact/core": {
			"version": "4.1.2",
			"resolved": "https://registry.npmjs.org/@enact/core/-/core-4.1.2.tgz",
			"integrity": "sha512-f/XB2Z4yuMOOzPVIpEd90bgWL2wRzql9x3/H7TqqS/nMzWubrmoTRVLyaw3cPyj36f72XHjXjEjvohySZo8RAg==",
			"requires": {
				"classnames": "^2.2.5",
				"invariant": "^2.2.2",
				"prop-types": "^15.7.2",
				"ramda": "^0.24.1",
				"react": "^17.0.1",
				"react-dom": "^17.0.1",
				"react-is": "^17.0.1",
				"warning": "^4.0.3"
			}
		},
		"@enact/i18n": {
			"version": "4.1.2",
			"resolved": "https://registry.npmjs.org/@enact/i18n/-/i18n-4.1.2.tgz",
			"integrity": "sha512-W7BJojc+BZmX76zHTnSelMfkY2fBCwYtNcvkYOrNRMJSvHHz1JVjh4e02hf6nq+3SS6hhNTvrZCgEVmdn0wEZg==",
			"requires": {
				"@enact/core": "^4.1.2",
				"prop-types": "^15.7.2",
				"ramda": "^0.24.1",
				"react": "^17.0.1",
				"react-dom": "^17.0.1",
				"xhr": "^2.4.1"
			}
		},
		"@enact/sandstone": {
			"version": "file:../..",
			"requires": {
				"@enact/core": "^4.1.2",
				"@enact/i18n": "^4.1.2",
				"@enact/spotlight": "^4.1.2",
				"@enact/ui": "^4.1.2",
				"@enact/webos": "^4.1.2",
				"classnames": "^2.3.1",
				"ilib": "^14.11.1",
				"invariant": "^2.2.4",
				"prop-types": "^15.8.0",
				"ramda": "^0.27.1",
				"react": "^17.0.2",
				"react-dom": "^17.0.2",
				"warning": "^4.0.3"
			},
			"dependencies": {
				"@enact/core": {
					"version": "4.1.2",
					"resolved": "https://registry.npmjs.org/@enact/core/-/core-4.1.2.tgz",
					"integrity": "sha512-f/XB2Z4yuMOOzPVIpEd90bgWL2wRzql9x3/H7TqqS/nMzWubrmoTRVLyaw3cPyj36f72XHjXjEjvohySZo8RAg==",
					"requires": {
						"classnames": "^2.2.5",
						"invariant": "^2.2.2",
						"prop-types": "^15.7.2",
						"ramda": "^0.24.1",
						"react": "^17.0.1",
						"react-dom": "^17.0.1",
						"react-is": "^17.0.1",
						"warning": "^4.0.3"
					},
					"dependencies": {
						"ramda": {
							"version": "0.24.1",
							"resolved": "https://registry.npmjs.org/ramda/-/ramda-0.24.1.tgz",
							"integrity": "sha1-w7d1UZfzW43DUCIoJixMkd22uFc="
						}
					}
				},
				"@enact/i18n": {
					"version": "4.1.2",
					"resolved": "https://registry.npmjs.org/@enact/i18n/-/i18n-4.1.2.tgz",
					"integrity": "sha512-W7BJojc+BZmX76zHTnSelMfkY2fBCwYtNcvkYOrNRMJSvHHz1JVjh4e02hf6nq+3SS6hhNTvrZCgEVmdn0wEZg==",
					"requires": {
						"@enact/core": "^4.1.2",
						"prop-types": "^15.7.2",
						"ramda": "^0.24.1",
						"react": "^17.0.1",
						"react-dom": "^17.0.1",
						"xhr": "^2.4.1"
					},
					"dependencies": {
						"ramda": {
							"version": "0.24.1",
							"resolved": "https://registry.npmjs.org/ramda/-/ramda-0.24.1.tgz",
							"integrity": "sha1-w7d1UZfzW43DUCIoJixMkd22uFc="
						}
					}
				},
				"@enact/spotlight": {
					"version": "4.1.2",
					"resolved": "https://registry.npmjs.org/@enact/spotlight/-/spotlight-4.1.2.tgz",
					"integrity": "sha512-RpVuHOxFT60SjNQ3M2ZhTKEPLS6AypCtW3HyRiCa7OCxth50D5EsuxZz9u4Yz3xz6w+Mgm8cgkr3opH9gvpglQ==",
					"requires": {
						"@enact/core": "^4.1.2",
						"classnames": "^2.2.6",
						"prop-types": "^15.7.2",
						"ramda": "^0.24.1",
						"react": "^17.0.1",
						"react-dom": "^17.0.1",
						"warning": "^3.0.0"
					},
					"dependencies": {
						"ramda": {
							"version": "0.24.1",
							"resolved": "https://registry.npmjs.org/ramda/-/ramda-0.24.1.tgz",
							"integrity": "sha1-w7d1UZfzW43DUCIoJixMkd22uFc="
						},
						"warning": {
							"version": "3.0.0",
							"resolved": "https://registry.npmjs.org/warning/-/warning-3.0.0.tgz",
							"integrity": "sha1-MuU3fLVy3kqwR1O9+IIcAe1gW3w=",
							"requires": {
								"loose-envify": "^1.0.0"
							}
						}
					}
				},
				"@enact/ui": {
					"version": "4.1.2",
					"resolved": "https://registry.npmjs.org/@enact/ui/-/ui-4.1.2.tgz",
					"integrity": "sha512-oAKllvAOUseA//ibOIiy8nOAcbzxV5yzXogFXYRZEdIV+ONpjliPXNqerzBfd8C1DbHIrI8MJLjYBFRPv7LEjA==",
					"requires": {
						"@enact/core": "^4.1.2",
						"classnames": "^2.2.5",
						"direction": "^1.0.1",
						"invariant": "^2.2.2",
						"prop-types": "^15.7.2",
						"ramda": "^0.24.1",
						"react": "^17.0.1",
						"react-dom": "^17.0.1",
						"react-is": "^17.0.1",
						"warning": "^3.0.0"
					},
					"dependencies": {
						"ramda": {
							"version": "0.24.1",
							"resolved": "https://registry.npmjs.org/ramda/-/ramda-0.24.1.tgz",
							"integrity": "sha1-w7d1UZfzW43DUCIoJixMkd22uFc="
						},
						"warning": {
							"version": "3.0.0",
							"resolved": "https://registry.npmjs.org/warning/-/warning-3.0.0.tgz",
							"integrity": "sha1-MuU3fLVy3kqwR1O9+IIcAe1gW3w=",
							"requires": {
								"loose-envify": "^1.0.0"
							}
						}
					}
				},
				"@enact/webos": {
					"version": "4.1.2",
					"resolved": "https://registry.npmjs.org/@enact/webos/-/webos-4.1.2.tgz",
					"integrity": "sha512-WF9uFUVzk+gneotD/z7bCeGEjwKQA/RAI6uaj2E9oWXZ4ldnWVB6JmNFxeqTOrxIjCdDcw7/hwLzbk1h3YqFqA==",
					"requires": {
						"@enact/core": "^4.1.2",
						"prop-types": "^15.7.2",
						"react": "^17.0.1",
						"react-dom": "^17.0.1"
					}
				},
				"classnames": {
					"version": "2.3.1",
					"resolved": "https://registry.npmjs.org/classnames/-/classnames-2.3.1.tgz",
					"integrity": "sha512-OlQdbZ7gLfGarSqxesMesDa5uz7KFbID8Kpq/SxIoNGDqY8lSYs0D+hhtBXhcdB3rcbXArFr7vlHheLk1voeNA=="
				},
				"direction": {
					"version": "1.0.4",
					"resolved": "https://registry.npmjs.org/direction/-/direction-1.0.4.tgz",
					"integrity": "sha512-GYqKi1aH7PJXxdhTeZBFrg8vUBeKXi+cNprXsC1kpJcbcVnV9wBsrOu1cQEdG0WeQwlfHiy3XvnKfIrJ2R0NzQ=="
				},
				"dom-walk": {
					"version": "0.1.2",
					"resolved": "https://registry.npmjs.org/dom-walk/-/dom-walk-0.1.2.tgz",
					"integrity": "sha512-6QvTW9mrGeIegrFXdtQi9pk7O/nSK6lSdXW2eqUspN5LWD7UTji2Fqw5V2YLjBpHEoU9Xl/eUWNpDeZvoyOv2w=="
				},
				"global": {
					"version": "4.4.0",
					"resolved": "https://registry.npmjs.org/global/-/global-4.4.0.tgz",
					"integrity": "sha512-wv/LAoHdRE3BeTGz53FAamhGlPLhlssK45usmGFThIi4XqnBmjKQ16u+RNbP7WvigRZDxUsM0J3gcQ5yicaL0w==",
					"requires": {
						"min-document": "^2.19.0",
						"process": "^0.11.10"
					}
				},
				"ilib": {
					"version": "14.11.1",
					"resolved": "https://registry.npmjs.org/ilib/-/ilib-14.11.1.tgz",
					"integrity": "sha512-BnjnrIl98E1qTPXiOmiB2NxpfPUgpldxh+Ehz5KXUIhdmv/7C1/MuNHOYZe94Ja2eJnP6Q1jWfYkPb0PJjwoUQ=="
				},
				"invariant": {
					"version": "2.2.4",
					"resolved": "https://registry.npmjs.org/invariant/-/invariant-2.2.4.tgz",
					"integrity": "sha512-phJfQVBuaJM5raOpJjSfkiD6BpbCE4Ns//LaXl6wGYtUBY83nWS6Rf9tXm2e8VaK60JEjYldbPif/A2B1C2gNA==",
					"requires": {
						"loose-envify": "^1.0.0"
					}
				},
				"is-function": {
					"version": "1.0.2",
					"resolved": "https://registry.npmjs.org/is-function/-/is-function-1.0.2.tgz",
					"integrity": "sha512-lw7DUp0aWXYg+CBCN+JKkcE0Q2RayZnSvnZBlwgxHBQhqt5pZNVy4Ri7H9GmmXkdu7LUthszM+Tor1u/2iBcpQ=="
				},
				"js-tokens": {
					"version": "4.0.0",
					"resolved": "https://registry.npmjs.org/js-tokens/-/js-tokens-4.0.0.tgz",
					"integrity": "sha512-RdJUflcE3cUzKiMqQgsCu06FPu9UdIJO0beYbPhHN4k6apgJtifcoCtT9bcxOpYBtpD2kCM6Sbzg4CausW/PKQ=="
				},
				"loose-envify": {
					"version": "1.4.0",
					"resolved": "https://registry.npmjs.org/loose-envify/-/loose-envify-1.4.0.tgz",
					"integrity": "sha512-lyuxPGr/Wfhrlem2CL/UcnUc1zcqKAImBDzukY7Y5F/yQiNdko6+fRLevlw1HgMySw7f611UIY408EtxRSoK3Q==",
					"requires": {
						"js-tokens": "^3.0.0 || ^4.0.0"
					}
				},
				"min-document": {
					"version": "2.19.0",
					"resolved": "https://registry.npmjs.org/min-document/-/min-document-2.19.0.tgz",
					"integrity": "sha1-e9KC4/WELtKVu3SM3Z8f+iyCRoU=",
					"requires": {
						"dom-walk": "^0.1.0"
					}
				},
				"object-assign": {
					"version": "4.1.1",
					"resolved": "https://registry.npmjs.org/object-assign/-/object-assign-4.1.1.tgz",
					"integrity": "sha1-IQmtx5ZYh8/AXLvUQsrIv7s2CGM="
				},
				"parse-headers": {
					"version": "2.0.4",
					"resolved": "https://registry.npmjs.org/parse-headers/-/parse-headers-2.0.4.tgz",
					"integrity": "sha512-psZ9iZoCNFLrgRjZ1d8mn0h9WRqJwFxM9q3x7iUjN/YT2OksthDJ5TiPCu2F38kS4zutqfW+YdVVkBZZx3/1aw=="
				},
				"process": {
					"version": "0.11.10",
					"resolved": "https://registry.npmjs.org/process/-/process-0.11.10.tgz",
					"integrity": "sha1-czIwDoQBYb2j5podHZGn1LwW8YI="
				},
				"prop-types": {
					"version": "15.8.1",
					"resolved": "https://registry.npmjs.org/prop-types/-/prop-types-15.8.1.tgz",
					"integrity": "sha512-oj87CgZICdulUohogVAR7AjlC0327U4el4L6eAvOqCeudMDVU0NThNaV+b9Df4dXgSP1gXMTnPdhfe/2qDH5cg==",
					"requires": {
						"loose-envify": "^1.4.0",
						"object-assign": "^4.1.1",
						"react-is": "^16.13.1"
					},
					"dependencies": {
						"react-is": {
							"version": "16.13.1",
							"resolved": "https://registry.npmjs.org/react-is/-/react-is-16.13.1.tgz",
							"integrity": "sha512-24e6ynE2H+OKt4kqsOvNd8kBpV65zoxbA4BVsEOB3ARVWQki/DHzaUoC5KuON/BiccDaCCTZBuOcfZs70kR8bQ=="
						}
					}
				},
				"ramda": {
					"version": "0.27.1",
					"resolved": "https://registry.npmjs.org/ramda/-/ramda-0.27.1.tgz",
					"integrity": "sha512-PgIdVpn5y5Yns8vqb8FzBUEYn98V3xcPgawAkkgj0YJ0qDsnHCiNmZYfOGMgOvoB0eWFLpYbhxUR3mxfDIMvpw=="
				},
				"react": {
					"version": "17.0.2",
					"resolved": "https://registry.npmjs.org/react/-/react-17.0.2.tgz",
					"integrity": "sha512-gnhPt75i/dq/z3/6q/0asP78D0u592D5L1pd7M8P+dck6Fu/jJeL6iVVK23fptSUZj8Vjf++7wXA8UNclGQcbA==",
					"requires": {
						"loose-envify": "^1.1.0",
						"object-assign": "^4.1.1"
					}
				},
				"react-dom": {
					"version": "17.0.2",
					"resolved": "https://registry.npmjs.org/react-dom/-/react-dom-17.0.2.tgz",
					"integrity": "sha512-s4h96KtLDUQlsENhMn1ar8t2bEa+q/YAtj8pPPdIjPDGBDIVNsrD9aXNWqspUe6AzKCIG0C1HZZLqLV7qpOBGA==",
					"requires": {
						"loose-envify": "^1.1.0",
						"object-assign": "^4.1.1",
						"scheduler": "^0.20.2"
					}
				},
				"react-is": {
					"version": "17.0.2",
					"resolved": "https://registry.npmjs.org/react-is/-/react-is-17.0.2.tgz",
					"integrity": "sha512-w2GsyukL62IJnlaff/nRegPQR94C/XXamvMWmSHRJ4y7Ts/4ocGRmTHvOs8PSE6pB3dWOrD/nueuU5sduBsQ4w=="
				},
				"scheduler": {
					"version": "0.20.2",
					"resolved": "https://registry.npmjs.org/scheduler/-/scheduler-0.20.2.tgz",
					"integrity": "sha512-2eWfGgAqqWFGqtdMmcL5zCMK1U8KlXv8SQFGglL3CEtd0aDVDWgeF/YoCmvln55m5zSk3J/20hTaSBeSObsQDQ==",
					"requires": {
						"loose-envify": "^1.1.0",
						"object-assign": "^4.1.1"
					}
				},
				"warning": {
					"version": "4.0.3",
					"resolved": "https://registry.npmjs.org/warning/-/warning-4.0.3.tgz",
					"integrity": "sha512-rpJyN222KWIvHJ/F53XSZv0Zl/accqHR8et1kpaMTD/fLCRxtV8iX8czMzY7sVZupTI3zcUTg8eycS2kNF9l6w==",
					"requires": {
						"loose-envify": "^1.0.0"
					}
				},
				"xhr": {
					"version": "2.6.0",
					"resolved": "https://registry.npmjs.org/xhr/-/xhr-2.6.0.tgz",
					"integrity": "sha512-/eCGLb5rxjx5e3mF1A7s+pLlR6CGyqWN91fv1JgER5mVWg1MZmlhBvy9kjcsOdRk8RrIujotWyJamfyrp+WIcA==",
					"requires": {
						"global": "~4.4.0",
						"is-function": "^1.0.1",
						"parse-headers": "^2.0.0",
						"xtend": "^4.0.0"
					}
				},
				"xtend": {
					"version": "4.0.2",
					"resolved": "https://registry.npmjs.org/xtend/-/xtend-4.0.2.tgz",
					"integrity": "sha512-LKYU1iAXJXUgAXn9URjiu+MWhyUXHsvfp7mcuYm9dSUKK0/CjtrUwFAxD82/mCWbtLsGjFIad0wIsod4zrTAEQ=="
				}
			}
		},
		"@enact/spotlight": {
			"version": "4.1.2",
			"resolved": "https://registry.npmjs.org/@enact/spotlight/-/spotlight-4.1.2.tgz",
			"integrity": "sha512-RpVuHOxFT60SjNQ3M2ZhTKEPLS6AypCtW3HyRiCa7OCxth50D5EsuxZz9u4Yz3xz6w+Mgm8cgkr3opH9gvpglQ==",
			"requires": {
				"@enact/core": "^4.1.2",
				"classnames": "^2.2.6",
				"prop-types": "^15.7.2",
				"ramda": "^0.24.1",
				"react": "^17.0.1",
				"react-dom": "^17.0.1",
				"warning": "^3.0.0"
			},
			"dependencies": {
				"warning": {
					"version": "3.0.0",
					"resolved": "https://registry.npmjs.org/warning/-/warning-3.0.0.tgz",
					"integrity": "sha1-MuU3fLVy3kqwR1O9+IIcAe1gW3w=",
					"requires": {
						"loose-envify": "^1.0.0"
					}
				}
			}
		},
		"@enact/ui": {
			"version": "4.1.2",
			"resolved": "https://registry.npmjs.org/@enact/ui/-/ui-4.1.2.tgz",
			"integrity": "sha512-oAKllvAOUseA//ibOIiy8nOAcbzxV5yzXogFXYRZEdIV+ONpjliPXNqerzBfd8C1DbHIrI8MJLjYBFRPv7LEjA==",
			"requires": {
				"@enact/core": "^4.1.2",
				"classnames": "^2.2.5",
				"direction": "^1.0.1",
				"invariant": "^2.2.2",
				"prop-types": "^15.7.2",
				"ramda": "^0.24.1",
				"react": "^17.0.1",
				"react-dom": "^17.0.1",
				"react-is": "^17.0.1",
				"warning": "^3.0.0"
			},
			"dependencies": {
				"warning": {
					"version": "3.0.0",
					"resolved": "https://registry.npmjs.org/warning/-/warning-3.0.0.tgz",
					"integrity": "sha1-MuU3fLVy3kqwR1O9+IIcAe1gW3w=",
					"requires": {
						"loose-envify": "^1.0.0"
					}
				}
			}
		},
		"classnames": {
			"version": "2.3.1",
			"resolved": "https://registry.npmjs.org/classnames/-/classnames-2.3.1.tgz",
			"integrity": "sha512-OlQdbZ7gLfGarSqxesMesDa5uz7KFbID8Kpq/SxIoNGDqY8lSYs0D+hhtBXhcdB3rcbXArFr7vlHheLk1voeNA=="
		},
		"direction": {
			"version": "1.0.4",
			"resolved": "https://registry.npmjs.org/direction/-/direction-1.0.4.tgz",
			"integrity": "sha512-GYqKi1aH7PJXxdhTeZBFrg8vUBeKXi+cNprXsC1kpJcbcVnV9wBsrOu1cQEdG0WeQwlfHiy3XvnKfIrJ2R0NzQ=="
		},
		"dom-walk": {
			"version": "0.1.2",
			"resolved": "https://registry.npmjs.org/dom-walk/-/dom-walk-0.1.2.tgz",
			"integrity": "sha512-6QvTW9mrGeIegrFXdtQi9pk7O/nSK6lSdXW2eqUspN5LWD7UTji2Fqw5V2YLjBpHEoU9Xl/eUWNpDeZvoyOv2w=="
		},
		"global": {
			"version": "4.4.0",
			"resolved": "https://registry.npmjs.org/global/-/global-4.4.0.tgz",
			"integrity": "sha512-wv/LAoHdRE3BeTGz53FAamhGlPLhlssK45usmGFThIi4XqnBmjKQ16u+RNbP7WvigRZDxUsM0J3gcQ5yicaL0w==",
			"requires": {
				"min-document": "^2.19.0",
				"process": "^0.11.10"
			}
		},
		"ilib": {
			"version": "14.11.1",
			"resolved": "https://registry.npmjs.org/ilib/-/ilib-14.11.1.tgz",
			"integrity": "sha512-BnjnrIl98E1qTPXiOmiB2NxpfPUgpldxh+Ehz5KXUIhdmv/7C1/MuNHOYZe94Ja2eJnP6Q1jWfYkPb0PJjwoUQ=="
		},
		"invariant": {
			"version": "2.2.4",
			"resolved": "https://registry.npmjs.org/invariant/-/invariant-2.2.4.tgz",
			"integrity": "sha512-phJfQVBuaJM5raOpJjSfkiD6BpbCE4Ns//LaXl6wGYtUBY83nWS6Rf9tXm2e8VaK60JEjYldbPif/A2B1C2gNA==",
			"requires": {
				"loose-envify": "^1.0.0"
			}
		},
		"is-function": {
			"version": "1.0.2",
			"resolved": "https://registry.npmjs.org/is-function/-/is-function-1.0.2.tgz",
			"integrity": "sha512-lw7DUp0aWXYg+CBCN+JKkcE0Q2RayZnSvnZBlwgxHBQhqt5pZNVy4Ri7H9GmmXkdu7LUthszM+Tor1u/2iBcpQ=="
		},
		"js-tokens": {
			"version": "4.0.0",
			"resolved": "https://registry.npmjs.org/js-tokens/-/js-tokens-4.0.0.tgz",
			"integrity": "sha512-RdJUflcE3cUzKiMqQgsCu06FPu9UdIJO0beYbPhHN4k6apgJtifcoCtT9bcxOpYBtpD2kCM6Sbzg4CausW/PKQ=="
		},
		"loose-envify": {
			"version": "1.4.0",
			"resolved": "https://registry.npmjs.org/loose-envify/-/loose-envify-1.4.0.tgz",
			"integrity": "sha512-lyuxPGr/Wfhrlem2CL/UcnUc1zcqKAImBDzukY7Y5F/yQiNdko6+fRLevlw1HgMySw7f611UIY408EtxRSoK3Q==",
			"requires": {
				"js-tokens": "^3.0.0 || ^4.0.0"
			}
		},
		"min-document": {
			"version": "2.19.0",
			"resolved": "https://registry.npmjs.org/min-document/-/min-document-2.19.0.tgz",
			"integrity": "sha1-e9KC4/WELtKVu3SM3Z8f+iyCRoU=",
			"requires": {
				"dom-walk": "^0.1.0"
			}
		},
		"object-assign": {
			"version": "4.1.1",
			"resolved": "https://registry.npmjs.org/object-assign/-/object-assign-4.1.1.tgz",
			"integrity": "sha1-IQmtx5ZYh8/AXLvUQsrIv7s2CGM="
		},
		"parse-headers": {
			"version": "2.0.4",
			"resolved": "https://registry.npmjs.org/parse-headers/-/parse-headers-2.0.4.tgz",
			"integrity": "sha512-psZ9iZoCNFLrgRjZ1d8mn0h9WRqJwFxM9q3x7iUjN/YT2OksthDJ5TiPCu2F38kS4zutqfW+YdVVkBZZx3/1aw=="
		},
		"process": {
			"version": "0.11.10",
			"resolved": "https://registry.npmjs.org/process/-/process-0.11.10.tgz",
			"integrity": "sha1-czIwDoQBYb2j5podHZGn1LwW8YI="
		},
		"prop-types": {
			"version": "15.8.1",
			"resolved": "https://registry.npmjs.org/prop-types/-/prop-types-15.8.1.tgz",
			"integrity": "sha512-oj87CgZICdulUohogVAR7AjlC0327U4el4L6eAvOqCeudMDVU0NThNaV+b9Df4dXgSP1gXMTnPdhfe/2qDH5cg==",
			"requires": {
				"loose-envify": "^1.4.0",
				"object-assign": "^4.1.1",
				"react-is": "^16.13.1"
			},
			"dependencies": {
				"react-is": {
					"version": "16.13.1",
					"resolved": "https://registry.npmjs.org/react-is/-/react-is-16.13.1.tgz",
					"integrity": "sha512-24e6ynE2H+OKt4kqsOvNd8kBpV65zoxbA4BVsEOB3ARVWQki/DHzaUoC5KuON/BiccDaCCTZBuOcfZs70kR8bQ=="
				}
			}
		},
		"ramda": {
			"version": "0.24.1",
			"resolved": "https://registry.npmjs.org/ramda/-/ramda-0.24.1.tgz",
			"integrity": "sha1-w7d1UZfzW43DUCIoJixMkd22uFc="
		},
		"react": {
			"version": "17.0.2",
			"resolved": "https://registry.npmjs.org/react/-/react-17.0.2.tgz",
			"integrity": "sha512-gnhPt75i/dq/z3/6q/0asP78D0u592D5L1pd7M8P+dck6Fu/jJeL6iVVK23fptSUZj8Vjf++7wXA8UNclGQcbA==",
			"requires": {
				"loose-envify": "^1.1.0",
				"object-assign": "^4.1.1"
			}
		},
		"react-dom": {
			"version": "17.0.2",
			"resolved": "https://registry.npmjs.org/react-dom/-/react-dom-17.0.2.tgz",
			"integrity": "sha512-s4h96KtLDUQlsENhMn1ar8t2bEa+q/YAtj8pPPdIjPDGBDIVNsrD9aXNWqspUe6AzKCIG0C1HZZLqLV7qpOBGA==",
			"requires": {
				"loose-envify": "^1.1.0",
				"object-assign": "^4.1.1",
				"scheduler": "^0.20.2"
			}
		},
		"react-is": {
			"version": "17.0.2",
			"resolved": "https://registry.npmjs.org/react-is/-/react-is-17.0.2.tgz",
			"integrity": "sha512-w2GsyukL62IJnlaff/nRegPQR94C/XXamvMWmSHRJ4y7Ts/4ocGRmTHvOs8PSE6pB3dWOrD/nueuU5sduBsQ4w=="
		},
		"scheduler": {
			"version": "0.20.2",
			"resolved": "https://registry.npmjs.org/scheduler/-/scheduler-0.20.2.tgz",
			"integrity": "sha512-2eWfGgAqqWFGqtdMmcL5zCMK1U8KlXv8SQFGglL3CEtd0aDVDWgeF/YoCmvln55m5zSk3J/20hTaSBeSObsQDQ==",
			"requires": {
				"loose-envify": "^1.1.0",
				"object-assign": "^4.1.1"
			}
		},
		"warning": {
			"version": "4.0.3",
			"resolved": "https://registry.npmjs.org/warning/-/warning-4.0.3.tgz",
			"integrity": "sha512-rpJyN222KWIvHJ/F53XSZv0Zl/accqHR8et1kpaMTD/fLCRxtV8iX8czMzY7sVZupTI3zcUTg8eycS2kNF9l6w==",
			"requires": {
				"loose-envify": "^1.0.0"
			}
		},
		"xhr": {
			"version": "2.6.0",
			"resolved": "https://registry.npmjs.org/xhr/-/xhr-2.6.0.tgz",
			"integrity": "sha512-/eCGLb5rxjx5e3mF1A7s+pLlR6CGyqWN91fv1JgER5mVWg1MZmlhBvy9kjcsOdRk8RrIujotWyJamfyrp+WIcA==",
			"requires": {
				"global": "~4.4.0",
				"is-function": "^1.0.1",
				"parse-headers": "^2.0.0",
				"xtend": "^4.0.0"
			}
		},
		"xtend": {
			"version": "4.0.2",
			"resolved": "https://registry.npmjs.org/xtend/-/xtend-4.0.2.tgz",
			"integrity": "sha512-LKYU1iAXJXUgAXn9URjiu+MWhyUXHsvfp7mcuYm9dSUKK0/CjtrUwFAxD82/mCWbtLsGjFIad0wIsod4zrTAEQ=="
		}
	}
}
