{
  "name": "qa-a11y",
  "version": "0.1.0",
  "lockfileVersion": 3,
  "requires": true,
  "packages": {
    "": {
      "name": "qa-a11y",
      "version": "0.1.0",
      "license": "Apache-2.0",
      "dependencies": {
        "@enact/core": "^5.0.0-alpha.2",
        "@enact/i18n": "^5.0.0-alpha.2",
        "@enact/sandstone": "../../",
        "@enact/spotlight": "^5.0.0-alpha.2",
        "@enact/ui": "^5.0.0-alpha.2",
        "@enact/webos": "^5.0.0-alpha.2",
        "ilib": "^14.20.0",
        "prop-types": "^15.8.1",
        "react": "^18.3.1",
        "react-dom": "^18.3.1"
      }
    },
    "../..": {
      "name": "@enact/sandstone",
      "version": "3.0.0-alpha.2",
      "license": "Apache-2.0",
      "dependencies": {
        "@enact/core": "^5.0.0-alpha.2",
        "@enact/i18n": "^5.0.0-alpha.2",
        "@enact/spotlight": "^5.0.0-alpha.2",
        "@enact/ui": "^5.0.0-alpha.2",
        "@enact/webos": "^5.0.0-alpha.2",
        "classnames": "^2.5.1",
        "ilib": "^14.20.0",
        "invariant": "^2.2.4",
        "prop-types": "^15.8.1",
        "ramda": "^0.30.1",
        "react": "^18.3.1",
        "react-dom": "^18.3.1",
        "warning": "^4.0.3"
      },
      "devDependencies": {
        "@enact/docs-utils": "^0.4.10",
        "@enact/ui-test-utils": "^1.0.9",
        "eslint-config-enact-proxy": "^1.0.8"
      },
      "peerDependencies": {
        "ilib": "^14.20.0 || ^14.20.0-webos1"
      }
    },
    "node_modules/@enact/core": {
      "version": "5.0.0-alpha.3",
      "resolved": "https://registry.npmjs.org/@enact/core/-/core-5.0.0-alpha.3.tgz",
      "integrity": "sha512-BRfqd6nLTB/VDcXKfBXXN1SQgTHYikx+msX++IheW/rvenwBxKboD3B3MvrebBbIplI9NhsZUC63rx0+I7HJww==",
      "license": "Apache-2.0",
      "dependencies": {
        "classnames": "^2.5.1",
        "invariant": "^2.2.4",
        "prop-types": "^15.8.1",
        "ramda": "^0.30.1",
        "react": "^18.3.1",
        "react-dom": "^18.3.1",
        "react-is": "^18.3.1",
        "warning": "^4.0.3"
      }
    },
    "node_modules/@enact/i18n": {
      "version": "5.0.0-alpha.3",
      "resolved": "https://registry.npmjs.org/@enact/i18n/-/i18n-5.0.0-alpha.3.tgz",
      "integrity": "sha512-KaR+zfOI6XyGKqvfZpJ94/ZQKfaSfeXC48PTZgeMb16rJYFeup8E2hkIcxboi3bSAUg1yUJ2K3S3gSbpVrL8Tg==",
      "license": "Apache-2.0",
      "dependencies": {
        "@enact/core": "^5.0.0-alpha.3",
        "prop-types": "^15.8.1",
        "ramda": "^0.30.1",
        "react": "^18.3.1",
        "react-dom": "^18.3.1",
        "xhr": "^2.6.0"
      },
      "peerDependencies": {
        "ilib": "^14.20.0 || ^14.20.0-webos1"
      }
    },
    "node_modules/@enact/sandstone": {
      "resolved": "../..",
      "link": true
    },
    "node_modules/@enact/spotlight": {
      "version": "5.0.0-alpha.3",
      "resolved": "https://registry.npmjs.org/@enact/spotlight/-/spotlight-5.0.0-alpha.3.tgz",
      "integrity": "sha512-UC3kC3XR1SOuupi8luXARRDrKr3NUC08PpbkFxteZjjecPAZ0jmidz9GMawtI7LToj2EQJabKLzeJ+0xwaYZgg==",
      "license": "Apache-2.0",
      "dependencies": {
        "@enact/core": "^5.0.0-alpha.3",
        "classnames": "^2.5.1",
        "prop-types": "^15.8.1",
        "ramda": "^0.30.1",
        "react": "^18.3.1",
        "react-dom": "^18.3.1",
        "warning": "^4.0.3"
      }
    },
    "node_modules/@enact/ui": {
      "version": "5.0.0-alpha.3",
      "resolved": "https://registry.npmjs.org/@enact/ui/-/ui-5.0.0-alpha.3.tgz",
      "integrity": "sha512-p4l692RjS130nqjVrZ1mz1Y+dgFihv5YjPtXvdzQdn8yxrZUrMn3upZMOo9QEoe4vz8ROrzzO7qs4I612Y42Lw==",
      "license": "Apache-2.0",
      "dependencies": {
        "@enact/core": "^5.0.0-alpha.3",
        "@enact/i18n": "^5.0.0-alpha.3",
        "classnames": "^2.5.1",
        "ilib": "^14.20.0",
        "invariant": "^2.2.4",
        "prop-types": "^15.8.1",
        "ramda": "^0.30.1",
        "react": "^18.3.1",
        "react-dom": "^18.3.1",
        "react-is": "^18.3.1",
        "warning": "^4.0.3"
      }
    },
    "node_modules/@enact/webos": {
      "version": "5.0.0-alpha.3",
      "resolved": "https://registry.npmjs.org/@enact/webos/-/webos-5.0.0-alpha.3.tgz",
      "integrity": "sha512-ylI+A1yp1r6B36mv1BprpcLHh22oAH32+pubsYzASFhIQHR434C3Ke0XuqcaN+elFW9zEo0rnM+VrLuu1OhBYQ==",
      "license": "Apache-2.0",
      "dependencies": {
        "@enact/core": "^5.0.0-alpha.3",
        "prop-types": "^15.8.1",
        "react": "^18.3.1",
        "react-dom": "^18.3.1"
      }
    },
    "node_modules/classnames": {
      "version": "2.5.1",
      "resolved": "https://registry.npmjs.org/classnames/-/classnames-2.5.1.tgz",
      "integrity": "sha512-saHYOzhIQs6wy2sVxTM6bUDsQO4F50V9RQ22qBpEdCW+I+/Wmke2HOl6lS6dTpdxVhb88/I6+Hs+438c3lfUow==",
      "license": "MIT"
    },
    "node_modules/dom-walk": {
      "version": "0.1.2",
      "resolved": "https://registry.npmjs.org/dom-walk/-/dom-walk-0.1.2.tgz",
      "integrity": "sha512-6QvTW9mrGeIegrFXdtQi9pk7O/nSK6lSdXW2eqUspN5LWD7UTji2Fqw5V2YLjBpHEoU9Xl/eUWNpDeZvoyOv2w=="
    },
    "node_modules/global": {
      "version": "4.4.0",
      "resolved": "https://registry.npmjs.org/global/-/global-4.4.0.tgz",
      "integrity": "sha512-wv/LAoHdRE3BeTGz53FAamhGlPLhlssK45usmGFThIi4XqnBmjKQ16u+RNbP7WvigRZDxUsM0J3gcQ5yicaL0w==",
      "license": "MIT",
      "dependencies": {
        "min-document": "^2.19.0",
        "process": "^0.11.10"
      }
    },
    "node_modules/ilib": {
      "version": "14.20.0",
      "resolved": "https://registry.npmjs.org/ilib/-/ilib-14.20.0.tgz",
      "integrity": "sha512-ciPTPDwu7FehlyxU1hSjHJRyfq3YIf4n2BzMYzZNtBiCYw1dH0Yu53J7R9YaqQd8A+3RfGxSz6J76AGsvhCm2Q==",
      "license": "Apache-2.0"
    },
    "node_modules/invariant": {
      "version": "2.2.4",
      "resolved": "https://registry.npmjs.org/invariant/-/invariant-2.2.4.tgz",
      "integrity": "sha512-phJfQVBuaJM5raOpJjSfkiD6BpbCE4Ns//LaXl6wGYtUBY83nWS6Rf9tXm2e8VaK60JEjYldbPif/A2B1C2gNA==",
      "license": "MIT",
      "dependencies": {
        "loose-envify": "^1.0.0"
      }
    },
    "node_modules/is-function": {
      "version": "1.0.2",
      "resolved": "https://registry.npmjs.org/is-function/-/is-function-1.0.2.tgz",
      "integrity": "sha512-lw7DUp0aWXYg+CBCN+JKkcE0Q2RayZnSvnZBlwgxHBQhqt5pZNVy4Ri7H9GmmXkdu7LUthszM+Tor1u/2iBcpQ==",
      "license": "MIT"
    },
    "node_modules/js-tokens": {
      "version": "4.0.0",
      "resolved": "https://registry.npmjs.org/js-tokens/-/js-tokens-4.0.0.tgz",
      "integrity": "sha512-RdJUflcE3cUzKiMqQgsCu06FPu9UdIJO0beYbPhHN4k6apgJtifcoCtT9bcxOpYBtpD2kCM6Sbzg4CausW/PKQ==",
      "license": "MIT"
    },
    "node_modules/loose-envify": {
      "version": "1.4.0",
      "resolved": "https://registry.npmjs.org/loose-envify/-/loose-envify-1.4.0.tgz",
      "integrity": "sha512-lyuxPGr/Wfhrlem2CL/UcnUc1zcqKAImBDzukY7Y5F/yQiNdko6+fRLevlw1HgMySw7f611UIY408EtxRSoK3Q==",
      "license": "MIT",
      "dependencies": {
        "js-tokens": "^3.0.0 || ^4.0.0"
      },
      "bin": {
        "loose-envify": "cli.js"
      }
    },
    "node_modules/min-document": {
      "version": "2.19.0",
      "resolved": "https://registry.npmjs.org/min-document/-/min-document-2.19.0.tgz",
      "integrity": "sha512-9Wy1B3m3f66bPPmU5hdA4DR4PB2OfDU/+GS3yAB7IQozE3tqXaVv2zOjgla7MEGSRv95+ILmOuvhLkOK6wJtCQ==",
      "dependencies": {
        "dom-walk": "^0.1.0"
      }
    },
    "node_modules/object-assign": {
      "version": "4.1.1",
      "resolved": "https://registry.npmjs.org/object-assign/-/object-assign-4.1.1.tgz",
      "integrity": "sha512-rJgTQnkUnH1sFw8yT6VSU3zD3sWmu6sZhIseY8VX+GRu3P6F7Fu+JNDoXfklElbLJSnc3FUQHVe4cU5hj+BcUg==",
      "license": "MIT",
      "engines": {
        "node": ">=0.10.0"
      }
    },
    "node_modules/parse-headers": {
      "version": "2.0.5",
      "resolved": "https://registry.npmjs.org/parse-headers/-/parse-headers-2.0.5.tgz",
      "integrity": "sha512-ft3iAoLOB/MlwbNXgzy43SWGP6sQki2jQvAyBg/zDFAgr9bfNWZIUj42Kw2eJIl8kEi4PbgE6U1Zau/HwI75HA==",
      "license": "MIT"
    },
    "node_modules/process": {
      "version": "0.11.10",
      "resolved": "https://registry.npmjs.org/process/-/process-0.11.10.tgz",
      "integrity": "sha512-cdGef/drWFoydD1JsMzuFf8100nZl+GT+yacc2bEced5f9Rjk4z+WtFUTBu9PhOi9j/jfmBPu0mMEY4wIdAF8A==",
      "license": "MIT",
      "engines": {
        "node": ">= 0.6.0"
      }
    },
    "node_modules/prop-types": {
      "version": "15.8.1",
      "resolved": "https://registry.npmjs.org/prop-types/-/prop-types-15.8.1.tgz",
      "integrity": "sha512-oj87CgZICdulUohogVAR7AjlC0327U4el4L6eAvOqCeudMDVU0NThNaV+b9Df4dXgSP1gXMTnPdhfe/2qDH5cg==",
      "license": "MIT",
      "dependencies": {
        "loose-envify": "^1.4.0",
        "object-assign": "^4.1.1",
        "react-is": "^16.13.1"
      }
    },
    "node_modules/prop-types/node_modules/react-is": {
      "version": "16.13.1",
      "resolved": "https://registry.npmjs.org/react-is/-/react-is-16.13.1.tgz",
      "integrity": "sha512-24e6ynE2H+OKt4kqsOvNd8kBpV65zoxbA4BVsEOB3ARVWQki/DHzaUoC5KuON/BiccDaCCTZBuOcfZs70kR8bQ==",
      "license": "MIT"
    },
    "node_modules/ramda": {
      "version": "0.30.1",
      "resolved": "https://registry.npmjs.org/ramda/-/ramda-0.30.1.tgz",
      "integrity": "sha512-tEF5I22zJnuclswcZMc8bDIrwRHRzf+NqVEmqg50ShAZMP7MWeR/RGDthfM/p+BlqvF2fXAzpn8i+SJcYD3alw==",
      "license": "MIT",
      "funding": {
        "type": "opencollective",
        "url": "https://opencollective.com/ramda"
      }
    },
    "node_modules/react": {
      "version": "18.3.1",
      "resolved": "https://registry.npmjs.org/react/-/react-18.3.1.tgz",
      "integrity": "sha512-wS+hAgJShR0KhEvPJArfuPVN1+Hz1t0Y6n5jLrGQbkb4urgPE/0Rve+1kMB1v/oWgHgm4WIcV+i7F2pTVj+2iQ==",
      "license": "MIT",
      "dependencies": {
        "loose-envify": "^1.1.0"
      },
      "engines": {
        "node": ">=0.10.0"
      }
    },
    "node_modules/react-dom": {
      "version": "18.3.1",
      "resolved": "https://registry.npmjs.org/react-dom/-/react-dom-18.3.1.tgz",
      "integrity": "sha512-5m4nQKp+rZRb09LNH59GM4BxTh9251/ylbKIbpe7TpGxfJ+9kv6BLkLBXIjjspbgbnIBNqlI23tRnTWT0snUIw==",
      "license": "MIT",
      "dependencies": {
        "loose-envify": "^1.1.0",
        "scheduler": "^0.23.2"
      },
      "peerDependencies": {
        "react": "^18.3.1"
      }
    },
    "node_modules/react-is": {
      "version": "18.3.1",
      "resolved": "https://registry.npmjs.org/react-is/-/react-is-18.3.1.tgz",
      "integrity": "sha512-/LLMVyas0ljjAtoYiPqYiL8VWXzUUdThrmU5+n20DZv+a+ClRoevUzw5JxU+Ieh5/c87ytoTBV9G1FiKfNJdmg==",
      "license": "MIT"
    },
    "node_modules/scheduler": {
      "version": "0.23.2",
      "resolved": "https://registry.npmjs.org/scheduler/-/scheduler-0.23.2.tgz",
      "integrity": "sha512-UOShsPwz7NrMUqhR6t0hWjFduvOzbtv7toDH1/hIrfRNIDBnnBWd0CwJTGvTpngVlmwGCdP9/Zl/tVrDqcuYzQ==",
      "license": "MIT",
      "dependencies": {
        "loose-envify": "^1.1.0"
      }
    },
    "node_modules/warning": {
      "version": "4.0.3",
      "resolved": "https://registry.npmjs.org/warning/-/warning-4.0.3.tgz",
      "integrity": "sha512-rpJyN222KWIvHJ/F53XSZv0Zl/accqHR8et1kpaMTD/fLCRxtV8iX8czMzY7sVZupTI3zcUTg8eycS2kNF9l6w==",
      "license": "MIT",
      "dependencies": {
        "loose-envify": "^1.0.0"
      }
    },
    "node_modules/xhr": {
      "version": "2.6.0",
      "resolved": "https://registry.npmjs.org/xhr/-/xhr-2.6.0.tgz",
      "integrity": "sha512-/eCGLb5rxjx5e3mF1A7s+pLlR6CGyqWN91fv1JgER5mVWg1MZmlhBvy9kjcsOdRk8RrIujotWyJamfyrp+WIcA==",
      "license": "MIT",
      "dependencies": {
        "global": "~4.4.0",
        "is-function": "^1.0.1",
        "parse-headers": "^2.0.0",
        "xtend": "^4.0.0"
      }
    },
    "node_modules/xtend": {
      "version": "4.0.2",
      "resolved": "https://registry.npmjs.org/xtend/-/xtend-4.0.2.tgz",
      "integrity": "sha512-LKYU1iAXJXUgAXn9URjiu+MWhyUXHsvfp7mcuYm9dSUKK0/CjtrUwFAxD82/mCWbtLsGjFIad0wIsod4zrTAEQ==",
      "license": "MIT",
      "engines": {
        "node": ">=0.4"
      }
    }
  }
}
