{
  "name": "qa-a11y",
  "version": "0.1.0",
  "lockfileVersion": 2,
  "requires": true,
  "packages": {
    "": {
      "name": "qa-a11y",
      "version": "0.1.0",
      "license": "Apache-2.0",
      "dependencies": {
        "@enact/core": "^4.5.0-alpha.1",
        "@enact/i18n": "^4.5.0-alpha.1",
        "@enact/sandstone": "../../",
        "@enact/spotlight": "^4.5.0-alpha.1",
        "@enact/ui": "^4.5.0-alpha.1",
        "@enact/webos": "^4.5.0-alpha.1",
        "ilib": "^14.14.0",
        "prop-types": "^15.8.1",
        "react": "^18.0.0",
        "react-dom": "^18.0.0"
      }
    },
    "../..": {
      "version": "2.5.0-alpha.1",
      "license": "Apache-2.0",
      "dependencies": {
        "@enact/core": "^4.5.0-alpha.1",
        "@enact/i18n": "^4.5.0-alpha.1",
        "@enact/spotlight": "^4.5.0-alpha.1",
        "@enact/ui": "^4.5.0-alpha.1",
        "@enact/webos": "^4.5.0-alpha.1",
        "classnames": "^2.3.1",
        "ilib": "^14.14.0",
        "invariant": "^2.2.4",
        "prop-types": "^15.8.1",
        "ramda": "^0.28.0",
        "react": "^18.0.0",
        "react-dom": "^18.0.0",
        "warning": "^4.0.3"
      },
      "devDependencies": {
        "@enact/docs-utils": "^0.3.6",
        "@enact/ui-test-utils": "^1.0.0-alpha.1",
        "eslint-config-enact-proxy": "^1.0.4",
        "ilib": "^14.14.0"
      },
      "peerDependencies": {
        "ilib": "^14.14.0 || ^14.14.0-webos1"
      }
    },
    "node_modules/@enact/core": {
      "version": "4.5.0-alpha.1",
      "resolved": "https://registry.npmjs.org/@enact/core/-/core-4.5.0-alpha.1.tgz",
      "integrity": "sha512-h9af1GjYsd0udxFMdW98FdOiTN1zsbf7lmBUK/MscjkIjsVYeafuXqQAzE2qm8oB0tYwbr1DhzptRjwvXFPt3A==",
      "dependencies": {
        "classnames": "^2.3.1",
        "invariant": "^2.2.4",
        "prop-types": "^15.8.1",
        "ramda": "^0.28.0",
        "react": "^18.0.0",
        "react-dom": "^18.0.0",
        "react-is": "^18.0.0",
        "warning": "^4.0.3"
      }
    },
    "node_modules/@enact/i18n": {
      "version": "4.5.0-alpha.1",
      "resolved": "https://registry.npmjs.org/@enact/i18n/-/i18n-4.5.0-alpha.1.tgz",
      "integrity": "sha512-qR3Lngi/XIJ0Nip4JwKTT9PSjwmu7KHzS4WAg+CJ3LP4dnvHUvlIMD6nk69f818u29dlZnx8rXgEGUgiiMquVA==",
      "dependencies": {
        "@enact/core": "^4.5.0-alpha.1",
        "prop-types": "^15.8.1",
        "ramda": "^0.28.0",
        "react": "^18.0.0",
        "react-dom": "^18.0.0",
        "xhr": "^2.6.0"
      },
      "peerDependencies": {
        "ilib": "^14.14.0 || ^14.14.0-webos1"
      }
    },
    "node_modules/@enact/sandstone": {
      "resolved": "../..",
      "link": true
    },
    "node_modules/@enact/spotlight": {
      "version": "4.5.0-alpha.1",
      "resolved": "https://registry.npmjs.org/@enact/spotlight/-/spotlight-4.5.0-alpha.1.tgz",
      "integrity": "sha512-3aOUoFZAf4WTnOy1jL5qyZrbwjUccfFvcqj/QGg6n8kkR21jEv5HhhoyEsC0+FNlRrfl0c2NXQL8VyQ5cpu5sQ==",
      "dependencies": {
        "@enact/core": "^4.5.0-alpha.1",
        "classnames": "^2.3.1",
        "prop-types": "^15.8.1",
        "ramda": "^0.28.0",
        "react": "^18.0.0",
        "react-dom": "^18.0.0",
        "warning": "^4.0.3"
      }
    },
    "node_modules/@enact/ui": {
      "version": "4.5.0-alpha.1",
      "resolved": "https://registry.npmjs.org/@enact/ui/-/ui-4.5.0-alpha.1.tgz",
      "integrity": "sha512-fczWcQcbvFE/dku4dkmDW5S0VuuHtSWcoPN6n3UxLOnsK1RGvjGnQux/odQPZyAdfzE11apcM2at1uV9O55+CQ==",
      "dependencies": {
        "@enact/core": "^4.5.0-alpha.1",
        "classnames": "^2.3.1",
        "direction": "^1.0.4",
        "invariant": "^2.2.4",
        "prop-types": "^15.8.1",
        "ramda": "^0.28.0",
        "react": "^18.0.0",
        "react-dom": "^18.0.0",
        "react-is": "^18.0.0",
        "warning": "^4.0.3"
      }
    },
    "node_modules/@enact/webos": {
      "version": "4.5.0-alpha.1",
      "resolved": "https://registry.npmjs.org/@enact/webos/-/webos-4.5.0-alpha.1.tgz",
      "integrity": "sha512-KJh59Uxhb1in8Y3Rn9hq5k10SD/84Ns/nkVZRe1ZBiugnYWDwIRFDESqfBS1YgSexEEl6quHDEZSDnJxseM+ZA==",
      "dependencies": {
        "@enact/core": "^4.5.0-alpha.1",
        "prop-types": "^15.8.1",
        "react": "^18.0.0",
        "react-dom": "^18.0.0"
      }
    },
    "node_modules/classnames": {
      "version": "2.3.1",
      "resolved": "https://registry.npmjs.org/classnames/-/classnames-2.3.1.tgz",
      "integrity": "sha512-OlQdbZ7gLfGarSqxesMesDa5uz7KFbID8Kpq/SxIoNGDqY8lSYs0D+hhtBXhcdB3rcbXArFr7vlHheLk1voeNA=="
    },
    "node_modules/direction": {
      "version": "1.0.4",
      "resolved": "https://registry.npmjs.org/direction/-/direction-1.0.4.tgz",
      "integrity": "sha512-GYqKi1aH7PJXxdhTeZBFrg8vUBeKXi+cNprXsC1kpJcbcVnV9wBsrOu1cQEdG0WeQwlfHiy3XvnKfIrJ2R0NzQ==",
      "bin": {
        "direction": "cli.js"
      },
      "funding": {
        "type": "github",
        "url": "https://github.com/sponsors/wooorm"
      }
    },
    "node_modules/dom-walk": {
      "version": "0.1.2",
      "resolved": "https://registry.npmjs.org/dom-walk/-/dom-walk-0.1.2.tgz",
      "integrity": "sha512-6QvTW9mrGeIegrFXdtQi9pk7O/nSK6lSdXW2eqUspN5LWD7UTji2Fqw5V2YLjBpHEoU9Xl/eUWNpDeZvoyOv2w=="
    },
    "node_modules/global": {
      "version": "4.4.0",
      "resolved": "https://registry.npmjs.org/global/-/global-4.4.0.tgz",
      "integrity": "sha512-wv/LAoHdRE3BeTGz53FAamhGlPLhlssK45usmGFThIi4XqnBmjKQ16u+RNbP7WvigRZDxUsM0J3gcQ5yicaL0w==",
      "dependencies": {
        "min-document": "^2.19.0",
        "process": "^0.11.10"
      }
    },
    "node_modules/ilib": {
      "version": "14.14.0",
      "resolved": "https://registry.npmjs.org/ilib/-/ilib-14.14.0.tgz",
      "integrity": "sha512-QuhH6qwJYq8c368+px4KA3KXfWfRC8XDt/zGNdwOz5C19ZOkPaxIh9LRr1RmzHEPJsd0mKj/JGV3pnzx1xXljg=="
    },
    "node_modules/invariant": {
      "version": "2.2.4",
      "resolved": "https://registry.npmjs.org/invariant/-/invariant-2.2.4.tgz",
      "integrity": "sha512-phJfQVBuaJM5raOpJjSfkiD6BpbCE4Ns//LaXl6wGYtUBY83nWS6Rf9tXm2e8VaK60JEjYldbPif/A2B1C2gNA==",
      "dependencies": {
        "loose-envify": "^1.0.0"
      }
    },
    "node_modules/is-function": {
      "version": "1.0.2",
      "resolved": "https://registry.npmjs.org/is-function/-/is-function-1.0.2.tgz",
      "integrity": "sha512-lw7DUp0aWXYg+CBCN+JKkcE0Q2RayZnSvnZBlwgxHBQhqt5pZNVy4Ri7H9GmmXkdu7LUthszM+Tor1u/2iBcpQ=="
    },
    "node_modules/js-tokens": {
      "version": "4.0.0",
      "resolved": "https://registry.npmjs.org/js-tokens/-/js-tokens-4.0.0.tgz",
      "integrity": "sha512-RdJUflcE3cUzKiMqQgsCu06FPu9UdIJO0beYbPhHN4k6apgJtifcoCtT9bcxOpYBtpD2kCM6Sbzg4CausW/PKQ=="
    },
    "node_modules/loose-envify": {
      "version": "1.4.0",
      "resolved": "https://registry.npmjs.org/loose-envify/-/loose-envify-1.4.0.tgz",
      "integrity": "sha512-lyuxPGr/Wfhrlem2CL/UcnUc1zcqKAImBDzukY7Y5F/yQiNdko6+fRLevlw1HgMySw7f611UIY408EtxRSoK3Q==",
      "dependencies": {
        "js-tokens": "^3.0.0 || ^4.0.0"
      },
      "bin": {
        "loose-envify": "cli.js"
      }
    },
    "node_modules/min-document": {
      "version": "2.19.0",
      "resolved": "https://registry.npmjs.org/min-document/-/min-document-2.19.0.tgz",
      "integrity": "sha1-e9KC4/WELtKVu3SM3Z8f+iyCRoU=",
      "dependencies": {
        "dom-walk": "^0.1.0"
      }
    },
    "node_modules/object-assign": {
      "version": "4.1.1",
      "resolved": "https://registry.npmjs.org/object-assign/-/object-assign-4.1.1.tgz",
      "integrity": "sha1-IQmtx5ZYh8/AXLvUQsrIv7s2CGM=",
      "engines": {
        "node": ">=0.10.0"
      }
    },
    "node_modules/parse-headers": {
      "version": "2.0.5",
      "resolved": "https://registry.npmjs.org/parse-headers/-/parse-headers-2.0.5.tgz",
      "integrity": "sha512-ft3iAoLOB/MlwbNXgzy43SWGP6sQki2jQvAyBg/zDFAgr9bfNWZIUj42Kw2eJIl8kEi4PbgE6U1Zau/HwI75HA=="
    },
    "node_modules/process": {
      "version": "0.11.10",
      "resolved": "https://registry.npmjs.org/process/-/process-0.11.10.tgz",
      "integrity": "sha1-czIwDoQBYb2j5podHZGn1LwW8YI=",
      "engines": {
        "node": ">= 0.6.0"
      }
    },
    "node_modules/prop-types": {
      "version": "15.8.1",
      "resolved": "https://registry.npmjs.org/prop-types/-/prop-types-15.8.1.tgz",
      "integrity": "sha512-oj87CgZICdulUohogVAR7AjlC0327U4el4L6eAvOqCeudMDVU0NThNaV+b9Df4dXgSP1gXMTnPdhfe/2qDH5cg==",
      "dependencies": {
        "loose-envify": "^1.4.0",
        "object-assign": "^4.1.1",
        "react-is": "^16.13.1"
      }
    },
    "node_modules/prop-types/node_modules/react-is": {
      "version": "16.13.1",
      "resolved": "https://registry.npmjs.org/react-is/-/react-is-16.13.1.tgz",
      "integrity": "sha512-24e6ynE2H+OKt4kqsOvNd8kBpV65zoxbA4BVsEOB3ARVWQki/DHzaUoC5KuON/BiccDaCCTZBuOcfZs70kR8bQ=="
    },
    "node_modules/ramda": {
      "version": "0.28.0",
      "resolved": "https://registry.npmjs.org/ramda/-/ramda-0.28.0.tgz",
      "integrity": "sha512-9QnLuG/kPVgWvMQ4aODhsBUFKOUmnbUnsSXACv+NCQZcHbeb+v8Lodp8OVxtRULN1/xOyYLLaL6npE6dMq5QTA==",
      "funding": {
        "type": "opencollective",
        "url": "https://opencollective.com/ramda"
      }
    },
    "node_modules/react": {
      "version": "18.0.0",
      "resolved": "https://registry.npmjs.org/react/-/react-18.0.0.tgz",
      "integrity": "sha512-x+VL6wbT4JRVPm7EGxXhZ8w8LTROaxPXOqhlGyVSrv0sB1jkyFGgXxJ8LVoPRLvPR6/CIZGFmfzqUa2NYeMr2A==",
      "dependencies": {
        "loose-envify": "^1.1.0"
      },
      "engines": {
        "node": ">=0.10.0"
      }
    },
    "node_modules/react-dom": {
      "version": "18.0.0",
      "resolved": "https://registry.npmjs.org/react-dom/-/react-dom-18.0.0.tgz",
      "integrity": "sha512-XqX7uzmFo0pUceWFCt7Gff6IyIMzFUn7QMZrbrQfGxtaxXZIcGQzoNpRLE3fQLnS4XzLLPMZX2T9TRcSrasicw==",
      "dependencies": {
        "loose-envify": "^1.1.0",
        "scheduler": "^0.21.0"
      },
      "peerDependencies": {
        "react": "^18.0.0"
      }
    },
    "node_modules/react-is": {
      "version": "18.0.0",
      "resolved": "https://registry.npmjs.org/react-is/-/react-is-18.0.0.tgz",
      "integrity": "sha512-yUcBYdBBbo3QiPsgYDcfQcIkGZHfxOaoE6HLSnr1sPzMhdyxusbfKOSUbSd/ocGi32dxcj366PsTj+5oggeKKw=="
    },
    "node_modules/scheduler": {
      "version": "0.21.0",
      "resolved": "https://registry.npmjs.org/scheduler/-/scheduler-0.21.0.tgz",
      "integrity": "sha512-1r87x5fz9MXqswA2ERLo0EbOAU74DpIUO090gIasYTqlVoJeMcl+Z1Rg7WHz+qtPujhS/hGIt9kxZOYBV3faRQ==",
      "dependencies": {
        "loose-envify": "^1.1.0"
      }
    },
    "node_modules/warning": {
      "version": "4.0.3",
      "resolved": "https://registry.npmjs.org/warning/-/warning-4.0.3.tgz",
      "integrity": "sha512-rpJyN222KWIvHJ/F53XSZv0Zl/accqHR8et1kpaMTD/fLCRxtV8iX8czMzY7sVZupTI3zcUTg8eycS2kNF9l6w==",
      "dependencies": {
        "loose-envify": "^1.0.0"
      }
    },
    "node_modules/xhr": {
      "version": "2.6.0",
      "resolved": "https://registry.npmjs.org/xhr/-/xhr-2.6.0.tgz",
      "integrity": "sha512-/eCGLb5rxjx5e3mF1A7s+pLlR6CGyqWN91fv1JgER5mVWg1MZmlhBvy9kjcsOdRk8RrIujotWyJamfyrp+WIcA==",
      "dependencies": {
        "global": "~4.4.0",
        "is-function": "^1.0.1",
        "parse-headers": "^2.0.0",
        "xtend": "^4.0.0"
      }
    },
    "node_modules/xtend": {
      "version": "4.0.2",
      "resolved": "https://registry.npmjs.org/xtend/-/xtend-4.0.2.tgz",
      "integrity": "sha512-LKYU1iAXJXUgAXn9URjiu+MWhyUXHsvfp7mcuYm9dSUKK0/CjtrUwFAxD82/mCWbtLsGjFIad0wIsod4zrTAEQ==",
      "engines": {
        "node": ">=0.4"
      }
    }
  },
  "dependencies": {
    "@enact/core": {
      "version": "4.5.0-alpha.1",
      "resolved": "https://registry.npmjs.org/@enact/core/-/core-4.5.0-alpha.1.tgz",
      "integrity": "sha512-h9af1GjYsd0udxFMdW98FdOiTN1zsbf7lmBUK/MscjkIjsVYeafuXqQAzE2qm8oB0tYwbr1DhzptRjwvXFPt3A==",
      "requires": {
        "classnames": "^2.3.1",
        "invariant": "^2.2.4",
        "prop-types": "^15.8.1",
        "ramda": "^0.28.0",
        "react": "^18.0.0",
        "react-dom": "^18.0.0",
        "react-is": "^18.0.0",
        "warning": "^4.0.3"
      }
    },
    "@enact/i18n": {
      "version": "4.5.0-alpha.1",
      "resolved": "https://registry.npmjs.org/@enact/i18n/-/i18n-4.5.0-alpha.1.tgz",
      "integrity": "sha512-qR3Lngi/XIJ0Nip4JwKTT9PSjwmu7KHzS4WAg+CJ3LP4dnvHUvlIMD6nk69f818u29dlZnx8rXgEGUgiiMquVA==",
      "requires": {
        "@enact/core": "^4.5.0-alpha.1",
        "prop-types": "^15.8.1",
        "ramda": "^0.28.0",
        "react": "^18.0.0",
        "react-dom": "^18.0.0",
        "xhr": "^2.6.0"
      }
    },
    "@enact/sandstone": {
      "version": "file:../..",
      "requires": {
        "@enact/core": "^4.5.0-alpha.1",
        "@enact/docs-utils": "^0.3.6",
        "@enact/i18n": "^4.5.0-alpha.1",
        "@enact/spotlight": "^4.5.0-alpha.1",
        "@enact/ui": "^4.5.0-alpha.1",
        "@enact/ui-test-utils": "^1.0.0-alpha.1",
        "@enact/webos": "^4.5.0-alpha.1",
        "classnames": "^2.3.1",
        "eslint-config-enact-proxy": "^1.0.4",
        "ilib": "^14.14.0",
        "invariant": "^2.2.4",
        "prop-types": "^15.8.1",
        "ramda": "^0.28.0",
        "react": "^18.0.0",
        "react-dom": "^18.0.0",
        "warning": "^4.0.3"
      }
    },
    "@enact/spotlight": {
      "version": "4.5.0-alpha.1",
      "resolved": "https://registry.npmjs.org/@enact/spotlight/-/spotlight-4.5.0-alpha.1.tgz",
      "integrity": "sha512-3aOUoFZAf4WTnOy1jL5qyZrbwjUccfFvcqj/QGg6n8kkR21jEv5HhhoyEsC0+FNlRrfl0c2NXQL8VyQ5cpu5sQ==",
      "requires": {
        "@enact/core": "^4.5.0-alpha.1",
        "classnames": "^2.3.1",
        "prop-types": "^15.8.1",
        "ramda": "^0.28.0",
        "react": "^18.0.0",
        "react-dom": "^18.0.0",
        "warning": "^4.0.3"
      }
    },
    "@enact/ui": {
      "version": "4.5.0-alpha.1",
      "resolved": "https://registry.npmjs.org/@enact/ui/-/ui-4.5.0-alpha.1.tgz",
      "integrity": "sha512-fczWcQcbvFE/dku4dkmDW5S0VuuHtSWcoPN6n3UxLOnsK1RGvjGnQux/odQPZyAdfzE11apcM2at1uV9O55+CQ==",
      "requires": {
        "@enact/core": "^4.5.0-alpha.1",
        "classnames": "^2.3.1",
        "direction": "^1.0.4",
        "invariant": "^2.2.4",
        "prop-types": "^15.8.1",
        "ramda": "^0.28.0",
        "react": "^18.0.0",
        "react-dom": "^18.0.0",
        "react-is": "^18.0.0",
        "warning": "^4.0.3"
      }
    },
    "@enact/webos": {
      "version": "4.5.0-alpha.1",
      "resolved": "https://registry.npmjs.org/@enact/webos/-/webos-4.5.0-alpha.1.tgz",
      "integrity": "sha512-KJh59Uxhb1in8Y3Rn9hq5k10SD/84Ns/nkVZRe1ZBiugnYWDwIRFDESqfBS1YgSexEEl6quHDEZSDnJxseM+ZA==",
      "requires": {
        "@enact/core": "^4.5.0-alpha.1",
        "prop-types": "^15.8.1",
        "react": "^18.0.0",
        "react-dom": "^18.0.0"
      }
    },
    "classnames": {
      "version": "2.3.1",
      "resolved": "https://registry.npmjs.org/classnames/-/classnames-2.3.1.tgz",
      "integrity": "sha512-OlQdbZ7gLfGarSqxesMesDa5uz7KFbID8Kpq/SxIoNGDqY8lSYs0D+hhtBXhcdB3rcbXArFr7vlHheLk1voeNA=="
    },
    "direction": {
      "version": "1.0.4",
      "resolved": "https://registry.npmjs.org/direction/-/direction-1.0.4.tgz",
      "integrity": "sha512-GYqKi1aH7PJXxdhTeZBFrg8vUBeKXi+cNprXsC1kpJcbcVnV9wBsrOu1cQEdG0WeQwlfHiy3XvnKfIrJ2R0NzQ=="
    },
    "dom-walk": {
      "version": "0.1.2",
      "resolved": "https://registry.npmjs.org/dom-walk/-/dom-walk-0.1.2.tgz",
      "integrity": "sha512-6QvTW9mrGeIegrFXdtQi9pk7O/nSK6lSdXW2eqUspN5LWD7UTji2Fqw5V2YLjBpHEoU9Xl/eUWNpDeZvoyOv2w=="
    },
    "global": {
      "version": "4.4.0",
      "resolved": "https://registry.npmjs.org/global/-/global-4.4.0.tgz",
      "integrity": "sha512-wv/LAoHdRE3BeTGz53FAamhGlPLhlssK45usmGFThIi4XqnBmjKQ16u+RNbP7WvigRZDxUsM0J3gcQ5yicaL0w==",
      "requires": {
        "min-document": "^2.19.0",
        "process": "^0.11.10"
      }
    },
    "ilib": {
      "version": "14.14.0",
      "resolved": "https://registry.npmjs.org/ilib/-/ilib-14.14.0.tgz",
      "integrity": "sha512-QuhH6qwJYq8c368+px4KA3KXfWfRC8XDt/zGNdwOz5C19ZOkPaxIh9LRr1RmzHEPJsd0mKj/JGV3pnzx1xXljg=="
    },
    "invariant": {
      "version": "2.2.4",
      "resolved": "https://registry.npmjs.org/invariant/-/invariant-2.2.4.tgz",
      "integrity": "sha512-phJfQVBuaJM5raOpJjSfkiD6BpbCE4Ns//LaXl6wGYtUBY83nWS6Rf9tXm2e8VaK60JEjYldbPif/A2B1C2gNA==",
      "requires": {
        "loose-envify": "^1.0.0"
      }
    },
    "is-function": {
      "version": "1.0.2",
      "resolved": "https://registry.npmjs.org/is-function/-/is-function-1.0.2.tgz",
      "integrity": "sha512-lw7DUp0aWXYg+CBCN+JKkcE0Q2RayZnSvnZBlwgxHBQhqt5pZNVy4Ri7H9GmmXkdu7LUthszM+Tor1u/2iBcpQ=="
    },
    "js-tokens": {
      "version": "4.0.0",
      "resolved": "https://registry.npmjs.org/js-tokens/-/js-tokens-4.0.0.tgz",
      "integrity": "sha512-RdJUflcE3cUzKiMqQgsCu06FPu9UdIJO0beYbPhHN4k6apgJtifcoCtT9bcxOpYBtpD2kCM6Sbzg4CausW/PKQ=="
    },
    "loose-envify": {
      "version": "1.4.0",
      "resolved": "https://registry.npmjs.org/loose-envify/-/loose-envify-1.4.0.tgz",
      "integrity": "sha512-lyuxPGr/Wfhrlem2CL/UcnUc1zcqKAImBDzukY7Y5F/yQiNdko6+fRLevlw1HgMySw7f611UIY408EtxRSoK3Q==",
      "requires": {
        "js-tokens": "^3.0.0 || ^4.0.0"
      }
    },
    "min-document": {
      "version": "2.19.0",
      "resolved": "https://registry.npmjs.org/min-document/-/min-document-2.19.0.tgz",
      "integrity": "sha1-e9KC4/WELtKVu3SM3Z8f+iyCRoU=",
      "requires": {
        "dom-walk": "^0.1.0"
      }
    },
    "object-assign": {
      "version": "4.1.1",
      "resolved": "https://registry.npmjs.org/object-assign/-/object-assign-4.1.1.tgz",
      "integrity": "sha1-IQmtx5ZYh8/AXLvUQsrIv7s2CGM="
    },
    "parse-headers": {
      "version": "2.0.5",
      "resolved": "https://registry.npmjs.org/parse-headers/-/parse-headers-2.0.5.tgz",
      "integrity": "sha512-ft3iAoLOB/MlwbNXgzy43SWGP6sQki2jQvAyBg/zDFAgr9bfNWZIUj42Kw2eJIl8kEi4PbgE6U1Zau/HwI75HA=="
    },
    "process": {
      "version": "0.11.10",
      "resolved": "https://registry.npmjs.org/process/-/process-0.11.10.tgz",
      "integrity": "sha1-czIwDoQBYb2j5podHZGn1LwW8YI="
    },
    "prop-types": {
      "version": "15.8.1",
      "resolved": "https://registry.npmjs.org/prop-types/-/prop-types-15.8.1.tgz",
      "integrity": "sha512-oj87CgZICdulUohogVAR7AjlC0327U4el4L6eAvOqCeudMDVU0NThNaV+b9Df4dXgSP1gXMTnPdhfe/2qDH5cg==",
      "requires": {
        "loose-envify": "^1.4.0",
        "object-assign": "^4.1.1",
        "react-is": "^16.13.1"
      },
      "dependencies": {
        "react-is": {
          "version": "16.13.1",
          "resolved": "https://registry.npmjs.org/react-is/-/react-is-16.13.1.tgz",
          "integrity": "sha512-24e6ynE2H+OKt4kqsOvNd8kBpV65zoxbA4BVsEOB3ARVWQki/DHzaUoC5KuON/BiccDaCCTZBuOcfZs70kR8bQ=="
        }
      }
    },
    "ramda": {
      "version": "0.28.0",
      "resolved": "https://registry.npmjs.org/ramda/-/ramda-0.28.0.tgz",
      "integrity": "sha512-9QnLuG/kPVgWvMQ4aODhsBUFKOUmnbUnsSXACv+NCQZcHbeb+v8Lodp8OVxtRULN1/xOyYLLaL6npE6dMq5QTA=="
    },
    "react": {
      "version": "18.0.0",
      "resolved": "https://registry.npmjs.org/react/-/react-18.0.0.tgz",
      "integrity": "sha512-x+VL6wbT4JRVPm7EGxXhZ8w8LTROaxPXOqhlGyVSrv0sB1jkyFGgXxJ8LVoPRLvPR6/CIZGFmfzqUa2NYeMr2A==",
      "requires": {
        "loose-envify": "^1.1.0"
      }
    },
    "react-dom": {
      "version": "18.0.0",
      "resolved": "https://registry.npmjs.org/react-dom/-/react-dom-18.0.0.tgz",
      "integrity": "sha512-XqX7uzmFo0pUceWFCt7Gff6IyIMzFUn7QMZrbrQfGxtaxXZIcGQzoNpRLE3fQLnS4XzLLPMZX2T9TRcSrasicw==",
      "requires": {
        "loose-envify": "^1.1.0",
        "scheduler": "^0.21.0"
      }
    },
    "react-is": {
      "version": "18.0.0",
      "resolved": "https://registry.npmjs.org/react-is/-/react-is-18.0.0.tgz",
      "integrity": "sha512-yUcBYdBBbo3QiPsgYDcfQcIkGZHfxOaoE6HLSnr1sPzMhdyxusbfKOSUbSd/ocGi32dxcj366PsTj+5oggeKKw=="
    },
    "scheduler": {
      "version": "0.21.0",
      "resolved": "https://registry.npmjs.org/scheduler/-/scheduler-0.21.0.tgz",
      "integrity": "sha512-1r87x5fz9MXqswA2ERLo0EbOAU74DpIUO090gIasYTqlVoJeMcl+Z1Rg7WHz+qtPujhS/hGIt9kxZOYBV3faRQ==",
      "requires": {
        "loose-envify": "^1.1.0"
      }
    },
    "warning": {
      "version": "4.0.3",
      "resolved": "https://registry.npmjs.org/warning/-/warning-4.0.3.tgz",
      "integrity": "sha512-rpJyN222KWIvHJ/F53XSZv0Zl/accqHR8et1kpaMTD/fLCRxtV8iX8czMzY7sVZupTI3zcUTg8eycS2kNF9l6w==",
      "requires": {
        "loose-envify": "^1.0.0"
      }
    },
    "xhr": {
      "version": "2.6.0",
      "resolved": "https://registry.npmjs.org/xhr/-/xhr-2.6.0.tgz",
      "integrity": "sha512-/eCGLb5rxjx5e3mF1A7s+pLlR6CGyqWN91fv1JgER5mVWg1MZmlhBvy9kjcsOdRk8RrIujotWyJamfyrp+WIcA==",
      "requires": {
        "global": "~4.4.0",
        "is-function": "^1.0.1",
        "parse-headers": "^2.0.0",
        "xtend": "^4.0.0"
      }
    },
    "xtend": {
      "version": "4.0.2",
      "resolved": "https://registry.npmjs.org/xtend/-/xtend-4.0.2.tgz",
      "integrity": "sha512-LKYU1iAXJXUgAXn9URjiu+MWhyUXHsvfp7mcuYm9dSUKK0/CjtrUwFAxD82/mCWbtLsGjFIad0wIsod4zrTAEQ=="
    }
  }
}
